
Microsoft Visual Studio Solution File, Format Version 12.00
# Visual Studio Version 17
VisualStudioVersion = 17.2.32526.322
MinimumVisualStudioVersion = 10.0.40219.1
Project("{8BC9CEB8-8B4A-11D0-8D11-00A0C91BC942}") = "WindowsKernelProgramming", "WindowsKernelProgramming\WindowsKernelProgramming.vcxproj", "{F66955BD-BDC3-464B-82BA-B2497877EB02}"
EndProject
Global
	GlobalSection(SolutionConfigurationPlatforms) = preSolution
		Debug|ARM64 = Debug|ARM64
		Debug|x64 = Debug|x64
		Release|ARM64 = Release|ARM64
		Release|x64 = Release|x64
	EndGlobalSection
	GlobalSection(ProjectConfigurationPlatforms) = postSolution
		{F66955BD-BDC3-464B-82BA-B2497877EB02}.Debug|ARM64.ActiveCfg = Debug|ARM64
		{F66955BD-BDC3-464B-82BA-B2497877EB02}.Debug|ARM64.Build.0 = Debug|ARM64
		{F66955BD-BDC3-464B-82BA-B2497877EB02}.Debug|ARM64.Deploy.0 = Debug|ARM64
		{F66955BD-BDC3-464B-82BA-B2497877EB02}.Debug|x64.ActiveCfg = Debug|x64
		{F66955BD-BDC3-464B-82BA-B2497877EB02}.Debug|x64.Build.0 = Debug|x64
		{F66955BD-BDC3-464B-82BA-B2497877EB02}.Debug|x64.Deploy.0 = Debug|x64
		{F66955BD-BDC3-464B-82BA-B2497877EB02}.Release|ARM64.ActiveCfg = Release|ARM64
		{F66955BD-BDC3-464B-82BA-B2497877EB02}.Release|ARM64.Build.0 = Release|ARM64
		{F66955BD-BDC3-464B-82BA-B2497877EB02}.Release|ARM64.Deploy.0 = Release|ARM64
		{F66955BD-BDC3-464B-82BA-B2497877EB02}.Release|x64.ActiveCfg = Release|x64
		{F66955BD-BDC3-464B-82BA-B2497877EB02}.Release|x64.Build.0 = Release|x64
		{F66955BD-BDC3-464B-82BA-B2497877EB02}.Release|x64.Deploy.0 = Release|x64
	EndGlobalSection
	GlobalSection(SolutionProperties) = preSolution
		HideSolutionNode = FALSE
	EndGlobalSection
	GlobalSection(ExtensibilityGlobals) = postSolution
		SolutionGuid = {89AA1488-F74B-409D-A05B-4FC549753E8F}
	EndGlobalSection
EndGlobal
